
Microsoft Visual Studio Solution File, Format Version 12.00
# Visual Studio Version 16
VisualStudioVersion = 16.0.31702.278
MinimumVisualStudioVersion = 10.0.40219.1
Project("{FAE04EC0-301F-11D3-BF4B-00C04F79EFBC}") = "Кокорин 1125 github", "Кокорин 1125 github\Кокорин 1125 github.csproj", "{F40A9500-5E02-4814-96BC-BA3E1CEE9CA8}"
EndProject
Global
	GlobalSection(SolutionConfigurationPlatforms) = preSolution
		Debug|Any CPU = Debug|Any CPU
		Release|Any CPU = Release|Any CPU
	EndGlobalSection
	GlobalSection(ProjectConfigurationPlatforms) = postSolution
		{F40A9500-5E02-4814-96BC-BA3E1CEE9CA8}.Debug|Any CPU.ActiveCfg = Debug|Any CPU
		{F40A9500-5E02-4814-96BC-BA3E1CEE9CA8}.Debug|Any CPU.Build.0 = Debug|Any CPU
		{F40A9500-5E02-4814-96BC-BA3E1CEE9CA8}.Release|Any CPU.ActiveCfg = Release|Any CPU
		{F40A9500-5E02-4814-96BC-BA3E1CEE9CA8}.Release|Any CPU.Build.0 = Release|Any CPU
	EndGlobalSection
	GlobalSection(SolutionProperties) = preSolution
		HideSolutionNode = FALSE
	EndGlobalSection
	GlobalSection(ExtensibilityGlobals) = postSolution
		SolutionGuid = {3A8C1B1F-A79F-4165-87DB-EC9B0D7D8E1E}
	EndGlobalSection
EndGlobal
